// !$*UTF8*$!
{
	archiveVersion = 1;
	classes = {
	};
	objectVersion = 46;
	objects = {

/* Begin PBXBuildFile section */
		D7294D8E19BEA5CE00750F17 /* Foundation.framework in Frameworks */ = {isa = PBXBuildFile; fileRef = D7294D8D19BEA5CE00750F17 /* Foundation.framework */; };
		D7294D9019BEA5CE00750F17 /* CoreGraphics.framework in Frameworks */ = {isa = PBXBuildFile; fileRef = D7294D8F19BEA5CE00750F17 /* CoreGraphics.framework */; };
		D7294D9219BEA5CE00750F17 /* UIKit.framework in Frameworks */ = {isa = PBXBuildFile; fileRef = D7294D9119BEA5CE00750F17 /* UIKit.framework */; };
		D7294D9819BEA5CE00750F17 /* InfoPlist.strings in Resources */ = {isa = PBXBuildFile; fileRef = D7294D9619BEA5CE00750F17 /* InfoPlist.strings */; };
		D7294D9A19BEA5CE00750F17 /* main.m in Sources */ = {isa = PBXBuildFile; fileRef = D7294D9919BEA5CE00750F17 /* main.m */; };
		D7294D9E19BEA5CE00750F17 /* AppDelegate.m in Sources */ = {isa = PBXBuildFile; fileRef = D7294D9D19BEA5CE00750F17 /* AppDelegate.m */; };
		D7294DA119BEA5CE00750F17 /* Main_iPhone.storyboard in Resources */ = {isa = PBXBuildFile; fileRef = D7294D9F19BEA5CE00750F17 /* Main_iPhone.storyboard */; };
		D7294DA419BEA5CE00750F17 /* Main_iPad.storyboard in Resources */ = {isa = PBXBuildFile; fileRef = D7294DA219BEA5CE00750F17 /* Main_iPad.storyboard */; };
		D7294DA719BEA5CE00750F17 /* ViewController.m in Sources */ = {isa = PBXBuildFile; fileRef = D7294DA619BEA5CE00750F17 /* ViewController.m */; };
		D7294DA919BEA5CE00750F17 /* Images.xcassets in Resources */ = {isa = PBXBuildFile; fileRef = D7294DA819BEA5CE00750F17 /* Images.xcassets */; };
		D7294DB019BEA5CE00750F17 /* XCTest.framework in Frameworks */ = {isa = PBXBuildFile; fileRef = D7294DAF19BEA5CE00750F17 /* XCTest.framework */; };
		D7294DB119BEA5CE00750F17 /* Foundation.framework in Frameworks */ = {isa = PBXBuildFile; fileRef = D7294D8D19BEA5CE00750F17 /* Foundation.framework */; };
		D7294DB219BEA5CE00750F17 /* UIKit.framework in Frameworks */ = {isa = PBXBuildFile; fileRef = D7294D9119BEA5CE00750F17 /* UIKit.framework */; };
		D7294DBA19BEA5CE00750F17 /* InfoPlist.strings in Resources */ = {isa = PBXBuildFile; fileRef = D7294DB819BEA5CE00750F17 /* InfoPlist.strings */; };
		D7294DBC19BEA5CE00750F17 /* AlgoLearningTests.m in Sources */ = {isa = PBXBuildFile; fileRef = D7294DBB19BEA5CE00750F17 /* AlgoLearningTests.m */; };
/* End PBXBuildFile section */

/* Begin PBXContainerItemProxy section */
		D7294DB319BEA5CE00750F17 /* PBXContainerItemProxy */ = {
			isa = PBXContainerItemProxy;
			containerPortal = D7294D8219BEA5CE00750F17 /* Project object */;
			proxyType = 1;
			remoteGlobalIDString = D7294D8919BEA5CE00750F17;
			remoteInfo = AlgoLearning;
		};
/* End PBXContainerItemProxy section */

/* Begin PBXFileReference section */
		D7294D8A19BEA5CE00750F17 /* AlgoLearning.app */ = {isa = PBXFileReference; explicitFileType = wrapper.application; includeInIndex = 0; path = AlgoLearning.app; sourceTree = BUILT_PRODUCTS_DIR; };
		D7294D8D19BEA5CE00750F17 /* Foundation.framework */ = {isa = PBXFileReference; lastKnownFileType = wrapper.framework; name = Foundation.framework; path = System/Library/Frameworks/Foundation.framework; sourceTree = SDKROOT; };
		D7294D8F19BEA5CE00750F17 /* CoreGraphics.framework */ = {isa = PBXFileReference; lastKnownFileType = wrapper.framework; name = CoreGraphics.framework; path = System/Library/Frameworks/CoreGraphics.framework; sourceTree = SDKROOT; };
		D7294D9119BEA5CE00750F17 /* UIKit.framework */ = {isa = PBXFileReference; lastKnownFileType = wrapper.framework; name = UIKit.framework; path = System/Library/Frameworks/UIKit.framework; sourceTree = SDKROOT; };
		D7294D9519BEA5CE00750F17 /* AlgoLearning-Info.plist */ = {isa = PBXFileReference; lastKnownFileType = text.plist.xml; path = "AlgoLearning-Info.plist"; sourceTree = "<group>"; };
		D7294D9719BEA5CE00750F17 /* en */ = {isa = PBXFileReference; lastKnownFileType = text.plist.strings; name = en; path = en.lproj/InfoPlist.strings; sourceTree = "<group>"; };
		D7294D9919BEA5CE00750F17 /* main.m */ = {isa = PBXFileReference; lastKnownFileType = sourcecode.c.objc; path = main.m; sourceTree = "<group>"; };
		D7294D9B19BEA5CE00750F17 /* AlgoLearning-Prefix.pch */ = {isa = PBXFileReference; lastKnownFileType = sourcecode.c.h; path = "AlgoLearning-Prefix.pch"; sourceTree = "<group>"; };
		D7294D9C19BEA5CE00750F17 /* AppDelegate.h */ = {isa = PBXFileReference; lastKnownFileType = sourcecode.c.h; path = AppDelegate.h; sourceTree = "<group>"; };
		D7294D9D19BEA5CE00750F17 /* AppDelegate.m */ = {isa = PBXFileReference; lastKnownFileType = sourcecode.c.objc; path = AppDelegate.m; sourceTree = "<group>"; };
		D7294DA019BEA5CE00750F17 /* Base */ = {isa = PBXFileReference; lastKnownFileType = file.storyboard; name = Base; path = Base.lproj/Main_iPhone.storyboard; sourceTree = "<group>"; };
		D7294DA319BEA5CE00750F17 /* Base */ = {isa = PBXFileReference; lastKnownFileType = file.storyboard; name = Base; path = Base.lproj/Main_iPad.storyboard; sourceTree = "<group>"; };
		D7294DA519BEA5CE00750F17 /* ViewController.h */ = {isa = PBXFileReference; lastKnownFileType = sourcecode.c.h; path = ViewController.h; sourceTree = "<group>"; };
		D7294DA619BEA5CE00750F17 /* ViewController.m */ = {isa = PBXFileReference; lastKnownFileType = sourcecode.c.objc; path = ViewController.m; sourceTree = "<group>"; };
		D7294DA819BEA5CE00750F17 /* Images.xcassets */ = {isa = PBXFileReference; lastKnownFileType = folder.assetcatalog; path = Images.xcassets; sourceTree = "<group>"; };
		D7294DAE19BEA5CE00750F17 /* AlgoLearningTests.xctest */ = {isa = PBXFileReference; explicitFileType = wrapper.cfbundle; includeInIndex = 0; path = AlgoLearningTests.xctest; sourceTree = BUILT_PRODUCTS_DIR; };
		D7294DAF19BEA5CE00750F17 /* XCTest.framework */ = {isa = PBXFileReference; lastKnownFileType = wrapper.framework; name = XCTest.framework; path = Library/Frameworks/XCTest.framework; sourceTree = DEVELOPER_DIR; };
		D7294DB719BEA5CE00750F17 /* AlgoLearningTests-Info.plist */ = {isa = PBXFileReference; lastKnownFileType = text.plist.xml; path = "AlgoLearningTests-Info.plist"; sourceTree = "<group>"; };
		D7294DB919BEA5CE00750F17 /* en */ = {isa = PBXFileReference; lastKnownFileType = text.plist.strings; name = en; path = en.lproj/InfoPlist.strings; sourceTree = "<group>"; };
		D7294DBB19BEA5CE00750F17 /* AlgoLearningTests.m */ = {isa = PBXFileReference; lastKnownFileType = sourcecode.c.objc; path = AlgoLearningTests.m; sourceTree = "<group>"; };
/* End PBXFileReference section */

/* Begin PBXFrameworksBuildPhase section */
		D7294D8719BEA5CE00750F17 /* Frameworks */ = {
			isa = PBXFrameworksBuildPhase;
			buildActionMask = 2147483647;
			files = (
				D7294D9019BEA5CE00750F17 /* CoreGraphics.framework in Frameworks */,
				D7294D9219BEA5CE00750F17 /* UIKit.framework in Frameworks */,
				D7294D8E19BEA5CE00750F17 /* Foundation.framework in Frameworks */,
			);
			runOnlyForDeploymentPostprocessing = 0;
		};
		D7294DAB19BEA5CE00750F17 /* Frameworks */ = {
			isa = PBXFrameworksBuildPhase;
			buildActionMask = 2147483647;
			files = (
				D7294DB019BEA5CE00750F17 /* XCTest.framework in Frameworks */,
				D7294DB219BEA5CE00750F17 /* UIKit.framework in Frameworks */,
				D7294DB119BEA5CE00750F17 /* Foundation.framework in Frameworks */,
			);
			runOnlyForDeploymentPostprocessing = 0;
		};
/* End PBXFrameworksBuildPhase section */

/* Begin PBXGroup section */
		D7294D8119BEA5CE00750F17 = {
			isa = PBXGroup;
			children = (
				D7294D9319BEA5CE00750F17 /* AlgoLearning */,
				D7294DB519BEA5CE00750F17 /* AlgoLearningTests */,
				D7294D8C19BEA5CE00750F17 /* Frameworks */,
				D7294D8B19BEA5CE00750F17 /* Products */,
			);
			sourceTree = "<group>";
		};
		D7294D8B19BEA5CE00750F17 /* Products */ = {
			isa = PBXGroup;
			children = (
				D7294D8A19BEA5CE00750F17 /* AlgoLearning.app */,
				D7294DAE19BEA5CE00750F17 /* AlgoLearningTests.xctest */,
			);
			name = Products;
			sourceTree = "<group>";
		};
		D7294D8C19BEA5CE00750F17 /* Frameworks */ = {
			isa = PBXGroup;
			children = (
				D7294D8D19BEA5CE00750F17 /* Foundation.framework */,
				D7294D8F19BEA5CE00750F17 /* CoreGraphics.framework */,
				D7294D9119BEA5CE00750F17 /* UIKit.framework */,
				D7294DAF19BEA5CE00750F17 /* XCTest.framework */,
			);
			name = Frameworks;
			sourceTree = "<group>";
		};
		D7294D9319BEA5CE00750F17 /* AlgoLearning */ = {
			isa = PBXGroup;
			children = (
				D7294D9C19BEA5CE00750F17 /* AppDelegate.h */,
				D7294D9D19BEA5CE00750F17 /* AppDelegate.m */,
				D7294D9F19BEA5CE00750F17 /* Main_iPhone.storyboard */,
				D7294DA219BEA5CE00750F17 /* Main_iPad.storyboard */,
				D7294DA519BEA5CE00750F17 /* ViewController.h */,
				D7294DA619BEA5CE00750F17 /* ViewController.m */,
				D7294DA819BEA5CE00750F17 /* Images.xcassets */,
				D7294D9419BEA5CE00750F17 /* Supporting Files */,
			);
			path = AlgoLearning;
			sourceTree = "<group>";
		};
		D7294D9419BEA5CE00750F17 /* Supporting Files */ = {
			isa = PBXGroup;
			children = (
				D7294D9519BEA5CE00750F17 /* AlgoLearning-Info.plist */,
				D7294D9619BEA5CE00750F17 /* InfoPlist.strings */,
				D7294D9919BEA5CE00750F17 /* main.m */,
				D7294D9B19BEA5CE00750F17 /* AlgoLearning-Prefix.pch */,
			);
			name = "Supporting Files";
			sourceTree = "<group>";
		};
		D7294DB519BEA5CE00750F17 /* AlgoLearningTests */ = {
			isa = PBXGroup;
			children = (
				D7294DBB19BEA5CE00750F17 /* AlgoLearningTests.m */,
				D7294DB619BEA5CE00750F17 /* Supporting Files */,
			);
			path = AlgoLearningTests;
			sourceTree = "<group>";
		};
		D7294DB619BEA5CE00750F17 /* Supporting Files */ = {
			isa = PBXGroup;
			children = (
				D7294DB719BEA5CE00750F17 /* AlgoLearningTests-Info.plist */,
				D7294DB819BEA5CE00750F17 /* InfoPlist.strings */,
			);
			name = "Supporting Files";
			sourceTree = "<group>";
		};
/* End PBXGroup section */

/* Begin PBXNativeTarget section */
		D7294D8919BEA5CE00750F17 /* AlgoLearning */ = {
			isa = PBXNativeTarget;
			buildConfigurationList = D7294DBF19BEA5CE00750F17 /* Build configuration list for PBXNativeTarget "AlgoLearning" */;
			buildPhases = (
				D7294D8619BEA5CE00750F17 /* Sources */,
				D7294D8719BEA5CE00750F17 /* Frameworks */,
				D7294D8819BEA5CE00750F17 /* Resources */,
			);
			buildRules = (
			);
			dependencies = (
			);
			name = AlgoLearning;
			productName = AlgoLearning;
			productReference = D7294D8A19BEA5CE00750F17 /* AlgoLearning.app */;
			productType = "com.apple.product-type.application";
		};
		D7294DAD19BEA5CE00750F17 /* AlgoLearningTests */ = {
			isa = PBXNativeTarget;
			buildConfigurationList = D7294DC219BEA5CE00750F17 /* Build configuration list for PBXNativeTarget "AlgoLearningTests" */;
			buildPhases = (
				D7294DAA19BEA5CE00750F17 /* Sources */,
				D7294DAB19BEA5CE00750F17 /* Frameworks */,
				D7294DAC19BEA5CE00750F17 /* Resources */,
			);
			buildRules = (
			);
			dependencies = (
				D7294DB419BEA5CE00750F17 /* PBXTargetDependency */,
			);
			name = AlgoLearningTests;
			productName = AlgoLearningTests;
			productReference = D7294DAE19BEA5CE00750F17 /* AlgoLearningTests.xctest */;
			productType = "com.apple.product-type.bundle.unit-test";
		};
/* End PBXNativeTarget section */

/* Begin PBXProject section */
		D7294D8219BEA5CE00750F17 /* Project object */ = {
			isa = PBXProject;
			attributes = {
				LastUpgradeCheck = 0510;
				ORGANIZATIONNAME = youku;
				TargetAttributes = {
					D7294DAD19BEA5CE00750F17 = {
						TestTargetID = D7294D8919BEA5CE00750F17;
					};
				};
			};
			buildConfigurationList = D7294D8519BEA5CE00750F17 /* Build configuration list for PBXProject "AlgoLearning" */;
			compatibilityVersion = "Xcode 3.2";
			developmentRegion = English;
			hasScannedForEncodings = 0;
			knownRegions = (
				en,
				Base,
			);
			mainGroup = D7294D8119BEA5CE00750F17;
			productRefGroup = D7294D8B19BEA5CE00750F17 /* Products */;
			projectDirPath = "";
			projectRoot = "";
			targets = (
				D7294D8919BEA5CE00750F17 /* AlgoLearning */,
				D7294DAD19BEA5CE00750F17 /* AlgoLearningTests */,
			);
		};
/* End PBXProject section */

/* Begin PBXResourcesBuildPhase section */
		D7294D8819BEA5CE00750F17 /* Resources */ = {
			isa = PBXResourcesBuildPhase;
			buildActionMask = 2147483647;
			files = (
				D7294DA419BEA5CE00750F17 /* Main_iPad.storyboard in Resources */,
				D7294DA919BEA5CE00750F17 /* Images.xcassets in Resources */,
				D7294DA119BEA5CE00750F17 /* Main_iPhone.storyboard in Resources */,
				D7294D9819BEA5CE00750F17 /* InfoPlist.strings in Resources */,
			);
			runOnlyForDeploymentPostprocessing = 0;
		};
		D7294DAC19BEA5CE00750F17 /* Resources */ = {
			isa = PBXResourcesBuildPhase;
			buildActionMask = 2147483647;
			files = (
				D7294DBA19BEA5CE00750F17 /* InfoPlist.strings in Resources */,
			);
			runOnlyForDeploymentPostprocessing = 0;
		};
/* End PBXResourcesBuildPhase section */

/* Begin PBXSourcesBuildPhase section */
		D7294D8619BEA5CE00750F17 /* Sources */ = {
			isa = PBXSourcesBuildPhase;
			buildActionMask = 2147483647;
			files = (
				D7294DA719BEA5CE00750F17 /* ViewController.m in Sources */,
				D7294D9E19BEA5CE00750F17 /* AppDelegate.m in Sources */,
				D7294D9A19BEA5CE00750F17 /* main.m in Sources */,
			);
			runOnlyForDeploymentPostprocessing = 0;
		};
		D7294DAA19BEA5CE00750F17 /* Sources */ = {
			isa = PBXSourcesBuildPhase;
			buildActionMask = 2147483647;
			files = (
				D7294DBC19BEA5CE00750F17 /* AlgoLearningTests.m in Sources */,
			);
			runOnlyForDeploymentPostprocessing = 0;
		};
/* End PBXSourcesBuildPhase section */

/* Begin PBXTargetDependency section */
		D7294DB419BEA5CE00750F17 /* PBXTargetDependency */ = {
			isa = PBXTargetDependency;
			target = D7294D8919BEA5CE00750F17 /* AlgoLearning */;
			targetProxy = D7294DB319BEA5CE00750F17 /* PBXContainerItemProxy */;
		};
/* End PBXTargetDependency section */

/* Begin PBXVariantGroup section */
		D7294D9619BEA5CE00750F17 /* InfoPlist.strings */ = {
			isa = PBXVariantGroup;
			children = (
				D7294D9719BEA5CE00750F17 /* en */,
			);
			name = InfoPlist.strings;
			sourceTree = "<group>";
		};
		D7294D9F19BEA5CE00750F17 /* Main_iPhone.storyboard */ = {
			isa = PBXVariantGroup;
			children = (
				D7294DA019BEA5CE00750F17 /* Base */,
			);
			name = Main_iPhone.storyboard;
			sourceTree = "<group>";
		};
		D7294DA219BEA5CE00750F17 /* Main_iPad.storyboard */ = {
			isa = PBXVariantGroup;
			children = (
				D7294DA319BEA5CE00750F17 /* Base */,
			);
			name = Main_iPad.storyboard;
			sourceTree = "<group>";
		};
		D7294DB819BEA5CE00750F17 /* InfoPlist.strings */ = {
			isa = PBXVariantGroup;
			children = (
				D7294DB919BEA5CE00750F17 /* en */,
			);
			name = InfoPlist.strings;
			sourceTree = "<group>";
		};
/* End PBXVariantGroup section */

/* Begin XCBuildConfiguration section */
		D7294DBD19BEA5CE00750F17 /* Debug */ = {
			isa = XCBuildConfiguration;
			buildSettings = {
				ALWAYS_SEARCH_USER_PATHS = NO;
				CLANG_CXX_LANGUAGE_STANDARD = "gnu++0x";
				CLANG_CXX_LIBRARY = "libc++";
				CLANG_ENABLE_MODULES = YES;
				CLANG_ENABLE_OBJC_ARC = YES;
				CLANG_WARN_BOOL_CONVERSION = YES;
				CLANG_WARN_CONSTANT_CONVERSION = YES;
				CLANG_WARN_DIRECT_OBJC_ISA_USAGE = YES_ERROR;
				CLANG_WARN_EMPTY_BODY = YES;
				CLANG_WARN_ENUM_CONVERSION = YES;
				CLANG_WARN_INT_CONVERSION = YES;
				CLANG_WARN_OBJC_ROOT_CLASS = YES_ERROR;
				CLANG_WARN__DUPLICATE_METHOD_MATCH = YES;
				"CODE_SIGN_IDENTITY[sdk=iphoneos*]" = "iPhone Developer";
				COPY_PHASE_STRIP = NO;
				GCC_C_LANGUAGE_STANDARD = gnu99;
				GCC_DYNAMIC_NO_PIC = NO;
				GCC_OPTIMIZATION_LEVEL = 0;
				GCC_PREPROCESSOR_DEFINITIONS = (
					"DEBUG=1",
					"$(inherited)",
				);
				GCC_SYMBOLS_PRIVATE_EXTERN = NO;
				GCC_WARN_64_TO_32_BIT_CONVERSION = YES;
				GCC_WARN_ABOUT_RETURN_TYPE = YES_ERROR;
				GCC_WARN_UNDECLARED_SELECTOR = YES;
				GCC_WARN_UNINITIALIZED_AUTOS = YES_AGGRESSIVE;
				GCC_WARN_UNUSED_FUNCTION = YES;
				GCC_WARN_UNUSED_VARIABLE = YES;
				IPHONEOS_DEPLOYMENT_TARGET = 7.1;
				ONLY_ACTIVE_ARCH = YES;
				SDKROOT = iphoneos;
				TARGETED_DEVICE_FAMILY = "1,2";
			};
			name = Debug;
		};
		D7294DBE19BEA5CE00750F17 /* Release */ = {
			isa = XCBuildConfiguration;
			buildSettings = {
				ALWAYS_SEARCH_USER_PATHS = NO;
				CLANG_CXX_LANGUAGE_STANDARD = "gnu++0x";
				CLANG_CXX_LIBRARY = "libc++";
				CLANG_ENABLE_MODULES = YES;
				CLANG_ENABLE_OBJC_ARC = YES;
				CLANG_WARN_BOOL_CONVERSION = YES;
				CLANG_WARN_CONSTANT_CONVERSION = YES;
				CLANG_WARN_DIRECT_OBJC_ISA_USAGE = YES_ERROR;
				CLANG_WARN_EMPTY_BODY = YES;
				CLANG_WARN_ENUM_CONVERSION = YES;
				CLANG_WARN_INT_CONVERSION = YES;
				CLANG_WARN_OBJC_ROOT_CLASS = YES_ERROR;
				CLANG_WARN__DUPLICATE_METHOD_MATCH = YES;
				"CODE_SIGN_IDENTITY[sdk=iphoneos*]" = "iPhone Developer";
				COPY_PHASE_STRIP = YES;
				ENABLE_NS_ASSERTIONS = NO;
				GCC_C_LANGUAGE_STANDARD = gnu99;
				GCC_WARN_64_TO_32_BIT_CONVERSION = YES;
				GCC_WARN_ABOUT_RETURN_TYPE = YES_ERROR;
				GCC_WARN_UNDECLARED_SELECTOR = YES;
				GCC_WARN_UNINITIALIZED_AUTOS = YES_AGGRESSIVE;
				GCC_WARN_UNUSED_FUNCTION = YES;
				GCC_WARN_UNUSED_VARIABLE = YES;
				IPHONEOS_DEPLOYMENT_TARGET = 7.1;
				SDKROOT = iphoneos;
				TARGETED_DEVICE_FAMILY = "1,2";
				VALIDATE_PRODUCT = YES;
			};
			name = Release;
		};
		D7294DC019BEA5CE00750F17 /* Debug */ = {
			isa = XCBuildConfiguration;
			buildSettings = {
				ASSETCATALOG_COMPILER_APPICON_NAME = AppIcon;
				ASSETCATALOG_COMPILER_LAUNCHIMAGE_NAME = LaunchImage;
				GCC_PRECOMPILE_PREFIX_HEADER = YES;
				GCC_PREFIX_HEADER = "AlgoLearning/AlgoLearning-Prefix.pch";
				INFOPLIST_FILE = "AlgoLearning/AlgoLearning-Info.plist";
				PRODUCT_NAME = "$(TARGET_NAME)";
				WRAPPER_EXTENSION = app;
			};
			name = Debug;
		};
		D7294DC119BEA5CE00750F17 /* Release */ = {
			isa = XCBuildConfiguration;
			buildSettings = {
				ASSETCATALOG_COMPILER_APPICON_NAME = AppIcon;
				ASSETCATALOG_COMPILER_LAUNCHIMAGE_NAME = LaunchImage;
				GCC_PRECOMPILE_PREFIX_HEADER = YES;
				GCC_PREFIX_HEADER = "AlgoLearning/AlgoLearning-Prefix.pch";
				INFOPLIST_FILE = "AlgoLearning/AlgoLearning-Info.plist";
				PRODUCT_NAME = "$(TARGET_NAME)";
				WRAPPER_EXTENSION = app;
			};
			name = Release;
		};
		D7294DC319BEA5CE00750F17 /* Debug */ = {
			isa = XCBuildConfiguration;
			buildSettings = {
				BUNDLE_LOADER = "$(BUILT_PRODUCTS_DIR)/AlgoLearning.app/AlgoLearning";
				FRAMEWORK_SEARCH_PATHS = (
					"$(SDKROOT)/Developer/Library/Frameworks",
					"$(inherited)",
					"$(DEVELOPER_FRAMEWORKS_DIR)",
				);
				GCC_PRECOMPILE_PREFIX_HEADER = YES;
				GCC_PREFIX_HEADER = "AlgoLearning/AlgoLearning-Prefix.pch";
				GCC_PREPROCESSOR_DEFINITIONS = (
					"DEBUG=1",
					"$(inherited)",
				);
				INFOPLIST_FILE = "AlgoLearningTests/AlgoLearningTests-Info.plist";
				PRODUCT_NAME = "$(TARGET_NAME)";
				TEST_HOST = "$(BUNDLE_LOADER)";
				WRAPPER_EXTENSION = xctest;
			};
			name = Debug;
		};
		D7294DC419BEA5CE00750F17 /* Release */ = {
			isa = XCBuildConfiguration;
			buildSettings = {
				BUNDLE_LOADER = "$(BUILT_PRODUCTS_DIR)/AlgoLearning.app/AlgoLearning";
				FRAMEWORK_SEARCH_PATHS = (
					"$(SDKROOT)/Developer/Library/Frameworks",
					"$(inherited)",
					"$(DEVELOPER_FRAMEWORKS_DIR)",
				);
				GCC_PRECOMPILE_PREFIX_HEADER = YES;
				GCC_PREFIX_HEADER = "AlgoLearning/AlgoLearning-Prefix.pch";
				INFOPLIST_FILE = "AlgoLearningTests/AlgoLearningTests-Info.plist";
				PRODUCT_NAME = "$(TARGET_NAME)";
				TEST_HOST = "$(BUNDLE_LOADER)";
				WRAPPER_EXTENSION = xctest;
			};
			name = Release;
		};
/* End XCBuildConfiguration section */

/* Begin XCConfigurationList section */
		D7294D8519BEA5CE00750F17 /* Build configuration list for PBXProject "AlgoLearning" */ = {
			isa = XCConfigurationList;
			buildConfigurations = (
				D7294DBD19BEA5CE00750F17 /* Debug */,
				D7294DBE19BEA5CE00750F17 /* Release */,
			);
			defaultConfigurationIsVisible = 0;
			defaultConfigurationName = Release;
		};
		D7294DBF19BEA5CE00750F17 /* Build configuration list for PBXNativeTarget "AlgoLearning" */ = {
			isa = XCConfigurationList;
			buildConfigurations = (
				D7294DC019BEA5CE00750F17 /* Debug */,
				D7294DC119BEA5CE00750F17 /* Release */,
			);
			defaultConfigurationIsVisible = 0;
		};
		D7294DC219BEA5CE00750F17 /* Build configuration list for PBXNativeTarget "AlgoLearningTests" */ = {
			isa = XCConfigurationList;
			buildConfigurations = (
				D7294DC319BEA5CE00750F17 /* Debug */,
				D7294DC419BEA5CE00750F17 /* Release */,
			);
			defaultConfigurationIsVisible = 0;
		};
/* End XCConfigurationList section */
	};
	rootObject = D7294D8219BEA5CE00750F17 /* Project object */;
}
